// !$*UTF8*$!
{
	archiveVersion = 1;
	classes = {
	};
	objectVersion = 55;
	objects = {

/* Begin PBXBuildFile section */
		7EC4F8D72855F81900D2B780 /* AppDelegate.swift in Sources */ = {isa = PBXBuildFile; fileRef = 7EC4F8D62855F81900D2B780 /* AppDelegate.swift */; };
		7EC4F8D92855F81900D2B780 /* SceneDelegate.swift in Sources */ = {isa = PBXBuildFile; fileRef = 7EC4F8D82855F81900D2B780 /* SceneDelegate.swift */; };
		7EC4F8DB2855F81900D2B780 /* ViewController.swift in Sources */ = {isa = PBXBuildFile; fileRef = 7EC4F8DA2855F81900D2B780 /* ViewController.swift */; };
		7EC4F8DE2855F81900D2B780 /* Main.storyboard in Resources */ = {isa = PBXBuildFile; fileRef = 7EC4F8DC2855F81900D2B780 /* Main.storyboard */; };
		7EC4F8E02855F81D00D2B780 /* Assets.xcassets in Resources */ = {isa = PBXBuildFile; fileRef = 7EC4F8DF2855F81D00D2B780 /* Assets.xcassets */; };
		7EC4F8E32855F81D00D2B780 /* LaunchScreen.storyboard in Resources */ = {isa = PBXBuildFile; fileRef = 7EC4F8E12855F81D00D2B780 /* LaunchScreen.storyboard */; };
		7EC4F8EE2855F81E00D2B780 /* GitTutorilasTests.swift in Sources */ = {isa = PBXBuildFile; fileRef = 7EC4F8ED2855F81E00D2B780 /* GitTutorilasTests.swift */; };
		7EC4F8F82855F81E00D2B780 /* GitTutorilasUITests.swift in Sources */ = {isa = PBXBuildFile; fileRef = 7EC4F8F72855F81E00D2B780 /* GitTutorilasUITests.swift */; };
		7EC4F8FA2855F81E00D2B780 /* GitTutorilasUITestsLaunchTests.swift in Sources */ = {isa = PBXBuildFile; fileRef = 7EC4F8F92855F81E00D2B780 /* GitTutorilasUITestsLaunchTests.swift */; };
		7EC4F9072855F90100D2B780 /* Location.swift in Sources */ = {isa = PBXBuildFile; fileRef = 7EC4F9062855F90100D2B780 /* Location.swift */; };
		7EC4F9092855FCB500D2B780 /* Addition.swift in Sources */ = {isa = PBXBuildFile; fileRef = 7EC4F9082855FCB500D2B780 /* Addition.swift */; };
/* End PBXBuildFile section */

/* Begin PBXContainerItemProxy section */
		7EC4F8EA2855F81E00D2B780 /* PBXContainerItemProxy */ = {
			isa = PBXContainerItemProxy;
			containerPortal = 7EC4F8CB2855F81900D2B780 /* Project object */;
			proxyType = 1;
			remoteGlobalIDString = 7EC4F8D22855F81900D2B780;
			remoteInfo = GitTutorilas;
		};
		7EC4F8F42855F81E00D2B780 /* PBXContainerItemProxy */ = {
			isa = PBXContainerItemProxy;
			containerPortal = 7EC4F8CB2855F81900D2B780 /* Project object */;
			proxyType = 1;
			remoteGlobalIDString = 7EC4F8D22855F81900D2B780;
			remoteInfo = GitTutorilas;
		};
/* End PBXContainerItemProxy section */

/* Begin PBXFileReference section */
		7EC4F8D32855F81900D2B780 /* GitTutorilas.app */ = {isa = PBXFileReference; explicitFileType = wrapper.application; includeInIndex = 0; path = GitTutorilas.app; sourceTree = BUILT_PRODUCTS_DIR; };
		7EC4F8D62855F81900D2B780 /* AppDelegate.swift */ = {isa = PBXFileReference; lastKnownFileType = sourcecode.swift; path = AppDelegate.swift; sourceTree = "<group>"; };
		7EC4F8D82855F81900D2B780 /* SceneDelegate.swift */ = {isa = PBXFileReference; lastKnownFileType = sourcecode.swift; path = SceneDelegate.swift; sourceTree = "<group>"; };
		7EC4F8DA2855F81900D2B780 /* ViewController.swift */ = {isa = PBXFileReference; lastKnownFileType = sourcecode.swift; path = ViewController.swift; sourceTree = "<group>"; };
		7EC4F8DD2855F81900D2B780 /* Base */ = {isa = PBXFileReference; lastKnownFileType = file.storyboard; name = Base; path = Base.lproj/Main.storyboard; sourceTree = "<group>"; };
		7EC4F8DF2855F81D00D2B780 /* Assets.xcassets */ = {isa = PBXFileReference; lastKnownFileType = folder.assetcatalog; path = Assets.xcassets; sourceTree = "<group>"; };
		7EC4F8E22855F81D00D2B780 /* Base */ = {isa = PBXFileReference; lastKnownFileType = file.storyboard; name = Base; path = Base.lproj/LaunchScreen.storyboard; sourceTree = "<group>"; };
		7EC4F8E42855F81D00D2B780 /* Info.plist */ = {isa = PBXFileReference; lastKnownFileType = text.plist.xml; path = Info.plist; sourceTree = "<group>"; };
		7EC4F8E92855F81E00D2B780 /* GitTutorilasTests.xctest */ = {isa = PBXFileReference; explicitFileType = wrapper.cfbundle; includeInIndex = 0; path = GitTutorilasTests.xctest; sourceTree = BUILT_PRODUCTS_DIR; };
		7EC4F8ED2855F81E00D2B780 /* GitTutorilasTests.swift */ = {isa = PBXFileReference; lastKnownFileType = sourcecode.swift; path = GitTutorilasTests.swift; sourceTree = "<group>"; };
		7EC4F8F32855F81E00D2B780 /* GitTutorilasUITests.xctest */ = {isa = PBXFileReference; explicitFileType = wrapper.cfbundle; includeInIndex = 0; path = GitTutorilasUITests.xctest; sourceTree = BUILT_PRODUCTS_DIR; };
		7EC4F8F72855F81E00D2B780 /* GitTutorilasUITests.swift */ = {isa = PBXFileReference; lastKnownFileType = sourcecode.swift; path = GitTutorilasUITests.swift; sourceTree = "<group>"; };
		7EC4F8F92855F81E00D2B780 /* GitTutorilasUITestsLaunchTests.swift */ = {isa = PBXFileReference; lastKnownFileType = sourcecode.swift; path = GitTutorilasUITestsLaunchTests.swift; sourceTree = "<group>"; };
		7EC4F9062855F90100D2B780 /* Location.swift */ = {isa = PBXFileReference; lastKnownFileType = sourcecode.swift; path = Location.swift; sourceTree = "<group>"; };
		7EC4F9082855FCB500D2B780 /* Addition.swift */ = {isa = PBXFileReference; lastKnownFileType = sourcecode.swift; path = Addition.swift; sourceTree = "<group>"; };
/* End PBXFileReference section */

/* Begin PBXFrameworksBuildPhase section */
		7EC4F8D02855F81900D2B780 /* Frameworks */ = {
			isa = PBXFrameworksBuildPhase;
			buildActionMask = 2147483647;
			files = (
			);
			runOnlyForDeploymentPostprocessing = 0;
		};
		7EC4F8E62855F81E00D2B780 /* Frameworks */ = {
			isa = PBXFrameworksBuildPhase;
			buildActionMask = 2147483647;
			files = (
			);
			runOnlyForDeploymentPostprocessing = 0;
		};
		7EC4F8F02855F81E00D2B780 /* Frameworks */ = {
			isa = PBXFrameworksBuildPhase;
			buildActionMask = 2147483647;
			files = (
			);
			runOnlyForDeploymentPostprocessing = 0;
		};
/* End PBXFrameworksBuildPhase section */

/* Begin PBXGroup section */
		7EC4F8CA2855F81900D2B780 = {
			isa = PBXGroup;
			children = (
				7EC4F8D52855F81900D2B780 /* GitTutorilas */,
				7EC4F8EC2855F81E00D2B780 /* GitTutorilasTests */,
				7EC4F8F62855F81E00D2B780 /* GitTutorilasUITests */,
				7EC4F8D42855F81900D2B780 /* Products */,
			);
			sourceTree = "<group>";
		};
		7EC4F8D42855F81900D2B780 /* Products */ = {
			isa = PBXGroup;
			children = (
				7EC4F8D32855F81900D2B780 /* GitTutorilas.app */,
				7EC4F8E92855F81E00D2B780 /* GitTutorilasTests.xctest */,
				7EC4F8F32855F81E00D2B780 /* GitTutorilasUITests.xctest */,
			);
			name = Products;
			sourceTree = "<group>";
		};
		7EC4F8D52855F81900D2B780 /* GitTutorilas */ = {
			isa = PBXGroup;
			children = (
				7EC4F8D62855F81900D2B780 /* AppDelegate.swift */,
				7EC4F8D82855F81900D2B780 /* SceneDelegate.swift */,
				7EC4F8DA2855F81900D2B780 /* ViewController.swift */,
				7EC4F9082855FCB500D2B780 /* Addition.swift */,
				7EC4F9062855F90100D2B780 /* Location.swift */,
				7EC4F8DC2855F81900D2B780 /* Main.storyboard */,
				7EC4F8DF2855F81D00D2B780 /* Assets.xcassets */,
				7EC4F8E12855F81D00D2B780 /* LaunchScreen.storyboard */,
				7EC4F8E42855F81D00D2B780 /* Info.plist */,
			);
			path = GitTutorilas;
			sourceTree = "<group>";
		};
		7EC4F8EC2855F81E00D2B780 /* GitTutorilasTests */ = {
			isa = PBXGroup;
			children = (
				7EC4F8ED2855F81E00D2B780 /* GitTutorilasTests.swift */,
			);
			path = GitTutorilasTests;
			sourceTree = "<group>";
		};
		7EC4F8F62855F81E00D2B780 /* GitTutorilasUITests */ = {
			isa = PBXGroup;
			children = (
				7EC4F8F72855F81E00D2B780 /* GitTutorilasUITests.swift */,
				7EC4F8F92855F81E00D2B780 /* GitTutorilasUITestsLaunchTests.swift */,
			);
			path = GitTutorilasUITests;
			sourceTree = "<group>";
		};
/* End PBXGroup section */

/* Begin PBXNativeTarget section */
		7EC4F8D22855F81900D2B780 /* GitTutorilas */ = {
			isa = PBXNativeTarget;
			buildConfigurationList = 7EC4F8FD2855F81E00D2B780 /* Build configuration list for PBXNativeTarget "GitTutorilas" */;
			buildPhases = (
				7EC4F8CF2855F81900D2B780 /* Sources */,
				7EC4F8D02855F81900D2B780 /* Frameworks */,
				7EC4F8D12855F81900D2B780 /* Resources */,
			);
			buildRules = (
			);
			dependencies = (
			);
			name = GitTutorilas;
			productName = GitTutorilas;
			productReference = 7EC4F8D32855F81900D2B780 /* GitTutorilas.app */;
			productType = "com.apple.product-type.application";
		};
		7EC4F8E82855F81E00D2B780 /* GitTutorilasTests */ = {
			isa = PBXNativeTarget;
			buildConfigurationList = 7EC4F9002855F81E00D2B780 /* Build configuration list for PBXNativeTarget "GitTutorilasTests" */;
			buildPhases = (
				7EC4F8E52855F81E00D2B780 /* Sources */,
				7EC4F8E62855F81E00D2B780 /* Frameworks */,
				7EC4F8E72855F81E00D2B780 /* Resources */,
			);
			buildRules = (
			);
			dependencies = (
				7EC4F8EB2855F81E00D2B780 /* PBXTargetDependency */,
			);
			name = GitTutorilasTests;
			productName = GitTutorilasTests;
			productReference = 7EC4F8E92855F81E00D2B780 /* GitTutorilasTests.xctest */;
			productType = "com.apple.product-type.bundle.unit-test";
		};
		7EC4F8F22855F81E00D2B780 /* GitTutorilasUITests */ = {
			isa = PBXNativeTarget;
			buildConfigurationList = 7EC4F9032855F81E00D2B780 /* Build configuration list for PBXNativeTarget "GitTutorilasUITests" */;
			buildPhases = (
				7EC4F8EF2855F81E00D2B780 /* Sources */,
				7EC4F8F02855F81E00D2B780 /* Frameworks */,
				7EC4F8F12855F81E00D2B780 /* Resources */,
			);
			buildRules = (
			);
			dependencies = (
				7EC4F8F52855F81E00D2B780 /* PBXTargetDependency */,
			);
			name = GitTutorilasUITests;
			productName = GitTutorilasUITests;
			productReference = 7EC4F8F32855F81E00D2B780 /* GitTutorilasUITests.xctest */;
			productType = "com.apple.product-type.bundle.ui-testing";
		};
/* End PBXNativeTarget section */

/* Begin PBXProject section */
		7EC4F8CB2855F81900D2B780 /* Project object */ = {
			isa = PBXProject;
			attributes = {
				BuildIndependentTargetsInParallel = 1;
				LastSwiftUpdateCheck = 1340;
				LastUpgradeCheck = 1340;
				TargetAttributes = {
					7EC4F8D22855F81900D2B780 = {
						CreatedOnToolsVersion = 13.4.1;
					};
					7EC4F8E82855F81E00D2B780 = {
						CreatedOnToolsVersion = 13.4.1;
						TestTargetID = 7EC4F8D22855F81900D2B780;
					};
					7EC4F8F22855F81E00D2B780 = {
						CreatedOnToolsVersion = 13.4.1;
						TestTargetID = 7EC4F8D22855F81900D2B780;
					};
				};
			};
			buildConfigurationList = 7EC4F8CE2855F81900D2B780 /* Build configuration list for PBXProject "GitTutorilas" */;
			compatibilityVersion = "Xcode 13.0";
			developmentRegion = en;
			hasScannedForEncodings = 0;
			knownRegions = (
				en,
				Base,
			);
			mainGroup = 7EC4F8CA2855F81900D2B780;
			productRefGroup = 7EC4F8D42855F81900D2B780 /* Products */;
			projectDirPath = "";
			projectRoot = "";
			targets = (
				7EC4F8D22855F81900D2B780 /* GitTutorilas */,
				7EC4F8E82855F81E00D2B780 /* GitTutorilasTests */,
				7EC4F8F22855F81E00D2B780 /* GitTutorilasUITests */,
			);
		};
/* End PBXProject section */

/* Begin PBXResourcesBuildPhase section */
		7EC4F8D12855F81900D2B780 /* Resources */ = {
			isa = PBXResourcesBuildPhase;
			buildActionMask = 2147483647;
			files = (
				7EC4F8E32855F81D00D2B780 /* LaunchScreen.storyboard in Resources */,
				7EC4F8E02855F81D00D2B780 /* Assets.xcassets in Resources */,
				7EC4F8DE2855F81900D2B780 /* Main.storyboard in Resources */,
			);
			runOnlyForDeploymentPostprocessing = 0;
		};
		7EC4F8E72855F81E00D2B780 /* Resources */ = {
			isa = PBXResourcesBuildPhase;
			buildActionMask = 2147483647;
			files = (
			);
			runOnlyForDeploymentPostprocessing = 0;
		};
		7EC4F8F12855F81E00D2B780 /* Resources */ = {
			isa = PBXResourcesBuildPhase;
			buildActionMask = 2147483647;
			files = (
			);
			runOnlyForDeploymentPostprocessing = 0;
		};
/* End PBXResourcesBuildPhase section */

/* Begin PBXSourcesBuildPhase section */
		7EC4F8CF2855F81900D2B780 /* Sources */ = {
			isa = PBXSourcesBuildPhase;
			buildActionMask = 2147483647;
			files = (
				7EC4F8DB2855F81900D2B780 /* ViewController.swift in Sources */,
				7EC4F8D72855F81900D2B780 /* AppDelegate.swift in Sources */,
				7EC4F9072855F90100D2B780 /* Location.swift in Sources */,
				7EC4F8D92855F81900D2B780 /* SceneDelegate.swift in Sources */,
				7EC4F9092855FCB500D2B780 /* Addition.swift in Sources */,
			);
			runOnlyForDeploymentPostprocessing = 0;
		};
		7EC4F8E52855F81E00D2B780 /* Sources */ = {
			isa = PBXSourcesBuildPhase;
			buildActionMask = 2147483647;
			files = (
				7EC4F8EE2855F81E00D2B780 /* GitTutorilasTests.swift in Sources */,
			);
			runOnlyForDeploymentPostprocessing = 0;
		};
		7EC4F8EF2855F81E00D2B780 /* Sources */ = {
			isa = PBXSourcesBuildPhase;
			buildActionMask = 2147483647;
			files = (
				7EC4F8F82855F81E00D2B780 /* GitTutorilasUITests.swift in Sources */,
				7EC4F8FA2855F81E00D2B780 /* GitTutorilasUITestsLaunchTests.swift in Sources */,
			);
			runOnlyForDeploymentPostprocessing = 0;
		};
/* End PBXSourcesBuildPhase section */

/* Begin PBXTargetDependency section */
		7EC4F8EB2855F81E00D2B780 /* PBXTargetDependency */ = {
			isa = PBXTargetDependency;
			target = 7EC4F8D22855F81900D2B780 /* GitTutorilas */;
			targetProxy = 7EC4F8EA2855F81E00D2B780 /* PBXContainerItemProxy */;
		};
		7EC4F8F52855F81E00D2B780 /* PBXTargetDependency */ = {
			isa = PBXTargetDependency;
			target = 7EC4F8D22855F81900D2B780 /* GitTutorilas */;
			targetProxy = 7EC4F8F42855F81E00D2B780 /* PBXContainerItemProxy */;
		};
/* End PBXTargetDependency section */

/* Begin PBXVariantGroup section */
		7EC4F8DC2855F81900D2B780 /* Main.storyboard */ = {
			isa = PBXVariantGroup;
			children = (
				7EC4F8DD2855F81900D2B780 /* Base */,
			);
			name = Main.storyboard;
			sourceTree = "<group>";
		};
		7EC4F8E12855F81D00D2B780 /* LaunchScreen.storyboard */ = {
			isa = PBXVariantGroup;
			children = (
				7EC4F8E22855F81D00D2B780 /* Base */,
			);
			name = LaunchScreen.storyboard;
			sourceTree = "<group>";
		};
/* End PBXVariantGroup section */

/* Begin XCBuildConfiguration section */
		7EC4F8FB2855F81E00D2B780 /* Debug */ = {
			isa = XCBuildConfiguration;
			buildSettings = {
				ALWAYS_SEARCH_USER_PATHS = NO;
				CLANG_ANALYZER_NONNULL = YES;
				CLANG_ANALYZER_NUMBER_OBJECT_CONVERSION = YES_AGGRESSIVE;
				CLANG_CXX_LANGUAGE_STANDARD = "gnu++17";
				CLANG_ENABLE_MODULES = YES;
				CLANG_ENABLE_OBJC_ARC = YES;
				CLANG_ENABLE_OBJC_WEAK = YES;
				CLANG_WARN_BLOCK_CAPTURE_AUTORELEASING = YES;
				CLANG_WARN_BOOL_CONVERSION = YES;
				CLANG_WARN_COMMA = YES;
				CLANG_WARN_CONSTANT_CONVERSION = YES;
				CLANG_WARN_DEPRECATED_OBJC_IMPLEMENTATIONS = YES;
				CLANG_WARN_DIRECT_OBJC_ISA_USAGE = YES_ERROR;
				CLANG_WARN_DOCUMENTATION_COMMENTS = YES;
				CLANG_WARN_EMPTY_BODY = YES;
				CLANG_WARN_ENUM_CONVERSION = YES;
				CLANG_WARN_INFINITE_RECURSION = YES;
				CLANG_WARN_INT_CONVERSION = YES;
				CLANG_WARN_NON_LITERAL_NULL_CONVERSION = YES;
				CLANG_WARN_OBJC_IMPLICIT_RETAIN_SELF = YES;
				CLANG_WARN_OBJC_LITERAL_CONVERSION = YES;
				CLANG_WARN_OBJC_ROOT_CLASS = YES_ERROR;
				CLANG_WARN_QUOTED_INCLUDE_IN_FRAMEWORK_HEADER = YES;
				CLANG_WARN_RANGE_LOOP_ANALYSIS = YES;
				CLANG_WARN_STRICT_PROTOTYPES = YES;
				CLANG_WARN_SUSPICIOUS_MOVE = YES;
				CLANG_WARN_UNGUARDED_AVAILABILITY = YES_AGGRESSIVE;
				CLANG_WARN_UNREACHABLE_CODE = YES;
				CLANG_WARN__DUPLICATE_METHOD_MATCH = YES;
				COPY_PHASE_STRIP = NO;
				DEBUG_INFORMATION_FORMAT = dwarf;
				ENABLE_STRICT_OBJC_MSGSEND = YES;
				ENABLE_TESTABILITY = YES;
				GCC_C_LANGUAGE_STANDARD = gnu11;
				GCC_DYNAMIC_NO_PIC = NO;
				GCC_NO_COMMON_BLOCKS = YES;
				GCC_OPTIMIZATION_LEVEL = 0;
				GCC_PREPROCESSOR_DEFINITIONS = (
					"DEBUG=1",
					"$(inherited)",
				);
				GCC_WARN_64_TO_32_BIT_CONVERSION = YES;
				GCC_WARN_ABOUT_RETURN_TYPE = YES_ERROR;
				GCC_WARN_UNDECLARED_SELECTOR = YES;
				GCC_WARN_UNINITIALIZED_AUTOS = YES_AGGRESSIVE;
				GCC_WARN_UNUSED_FUNCTION = YES;
				GCC_WARN_UNUSED_VARIABLE = YES;
				IPHONEOS_DEPLOYMENT_TARGET = 15.5;
				MTL_ENABLE_DEBUG_INFO = INCLUDE_SOURCE;
				MTL_FAST_MATH = YES;
				ONLY_ACTIVE_ARCH = YES;
				SDKROOT = iphoneos;
				SWIFT_ACTIVE_COMPILATION_CONDITIONS = DEBUG;
				SWIFT_OPTIMIZATION_LEVEL = "-Onone";
			};
			name = Debug;
		};
		7EC4F8FC2855F81E00D2B780 /* Release */ = {
			isa = XCBuildConfiguration;
			buildSettings = {
				ALWAYS_SEARCH_USER_PATHS = NO;
				CLANG_ANALYZER_NONNULL = YES;
				CLANG_ANALYZER_NUMBER_OBJECT_CONVERSION = YES_AGGRESSIVE;
				CLANG_CXX_LANGUAGE_STANDARD = "gnu++17";
				CLANG_ENABLE_MODULES = YES;
				CLANG_ENABLE_OBJC_ARC = YES;
				CLANG_ENABLE_OBJC_WEAK = YES;
				CLANG_WARN_BLOCK_CAPTURE_AUTORELEASING = YES;
				CLANG_WARN_BOOL_CONVERSION = YES;
				CLANG_WARN_COMMA = YES;
				CLANG_WARN_CONSTANT_CONVERSION = YES;
				CLANG_WARN_DEPRECATED_OBJC_IMPLEMENTATIONS = YES;
				CLANG_WARN_DIRECT_OBJC_ISA_USAGE = YES_ERROR;
				CLANG_WARN_DOCUMENTATION_COMMENTS = YES;
				CLANG_WARN_EMPTY_BODY = YES;
				CLANG_WARN_ENUM_CONVERSION = YES;
				CLANG_WARN_INFINITE_RECURSION = YES;
				CLANG_WARN_INT_CONVERSION = YES;
				CLANG_WARN_NON_LITERAL_NULL_CONVERSION = YES;
				CLANG_WARN_OBJC_IMPLICIT_RETAIN_SELF = YES;
				CLANG_WARN_OBJC_LITERAL_CONVERSION = YES;
				CLANG_WARN_OBJC_ROOT_CLASS = YES_ERROR;
				CLANG_WARN_QUOTED_INCLUDE_IN_FRAMEWORK_HEADER = YES;
				CLANG_WARN_RANGE_LOOP_ANALYSIS = YES;
				CLANG_WARN_STRICT_PROTOTYPES = YES;
				CLANG_WARN_SUSPICIOUS_MOVE = YES;
				CLANG_WARN_UNGUARDED_AVAILABILITY = YES_AGGRESSIVE;
				CLANG_WARN_UNREACHABLE_CODE = YES;
				CLANG_WARN__DUPLICATE_METHOD_MATCH = YES;
				COPY_PHASE_STRIP = NO;
				DEBUG_INFORMATION_FORMAT = "dwarf-with-dsym";
				ENABLE_NS_ASSERTIONS = NO;
				ENABLE_STRICT_OBJC_MSGSEND = YES;
				GCC_C_LANGUAGE_STANDARD = gnu11;
				GCC_NO_COMMON_BLOCKS = YES;
				GCC_WARN_64_TO_32_BIT_CONVERSION = YES;
				GCC_WARN_ABOUT_RETURN_TYPE = YES_ERROR;
				GCC_WARN_UNDECLARED_SELECTOR = YES;
				GCC_WARN_UNINITIALIZED_AUTOS = YES_AGGRESSIVE;
				GCC_WARN_UNUSED_FUNCTION = YES;
				GCC_WARN_UNUSED_VARIABLE = YES;
				IPHONEOS_DEPLOYMENT_TARGET = 15.5;
				MTL_ENABLE_DEBUG_INFO = NO;
				MTL_FAST_MATH = YES;
				SDKROOT = iphoneos;
				SWIFT_COMPILATION_MODE = wholemodule;
				SWIFT_OPTIMIZATION_LEVEL = "-O";
				VALIDATE_PRODUCT = YES;
			};
			name = Release;
		};
		7EC4F8FE2855F81E00D2B780 /* Debug */ = {
			isa = XCBuildConfiguration;
			buildSettings = {
				ASSETCATALOG_COMPILER_APPICON_NAME = AppIcon;
				ASSETCATALOG_COMPILER_GLOBAL_ACCENT_COLOR_NAME = AccentColor;
				CODE_SIGN_STYLE = Automatic;
				CURRENT_PROJECT_VERSION = 1;
				GENERATE_INFOPLIST_FILE = YES;
				INFOPLIST_FILE = GitTutorilas/Info.plist;
				INFOPLIST_KEY_UIApplicationSupportsIndirectInputEvents = YES;
				INFOPLIST_KEY_UILaunchStoryboardName = LaunchScreen;
				INFOPLIST_KEY_UIMainStoryboardFile = Main;
				INFOPLIST_KEY_UISupportedInterfaceOrientations_iPad = "UIInterfaceOrientationPortrait UIInterfaceOrientationPortraitUpsideDown UIInterfaceOrientationLandscapeLeft UIInterfaceOrientationLandscapeRight";
				INFOPLIST_KEY_UISupportedInterfaceOrientations_iPhone = "UIInterfaceOrientationPortrait UIInterfaceOrientationLandscapeLeft UIInterfaceOrientationLandscapeRight";
				LD_RUNPATH_SEARCH_PATHS = (
					"$(inherited)",
					"@executable_path/Frameworks",
				);
				MARKETING_VERSION = 1.0;
				PRODUCT_BUNDLE_IDENTIFIER = demo.GitTutorilas;
				PRODUCT_NAME = "$(TARGET_NAME)";
				SWIFT_EMIT_LOC_STRINGS = YES;
				SWIFT_VERSION = 5.0;
				TARGETED_DEVICE_FAMILY = "1,2";
			};
			name = Debug;
		};
		7EC4F8FF2855F81E00D2B780 /* Release */ = {
			isa = XCBuildConfiguration;
			buildSettings = {
				ASSETCATALOG_COMPILER_APPICON_NAME = AppIcon;
				ASSETCATALOG_COMPILER_GLOBAL_ACCENT_COLOR_NAME = AccentColor;
				CODE_SIGN_STYLE = Automatic;
				CURRENT_PROJECT_VERSION = 1;
				GENERATE_INFOPLIST_FILE = YES;
				INFOPLIST_FILE = GitTutorilas/Info.plist;
				INFOPLIST_KEY_UIApplicationSupportsIndirectInputEvents = YES;
				INFOPLIST_KEY_UILaunchStoryboardName = LaunchScreen;
				INFOPLIST_KEY_UIMainStoryboardFile = Main;
				INFOPLIST_KEY_UISupportedInterfaceOrientations_iPad = "UIInterfaceOrientationPortrait UIInterfaceOrientationPortraitUpsideDown UIInterfaceOrientationLandscapeLeft UIInterfaceOrientationLandscapeRight";
				INFOPLIST_KEY_UISupportedInterfaceOrientations_iPhone = "UIInterfaceOrientationPortrait UIInterfaceOrientationLandscapeLeft UIInterfaceOrientationLandscapeRight";
				LD_RUNPATH_SEARCH_PATHS = (
					"$(inherited)",
					"@executable_path/Frameworks",
				);
				MARKETING_VERSION = 1.0;
				PRODUCT_BUNDLE_IDENTIFIER = demo.GitTutorilas;
				PRODUCT_NAME = "$(TARGET_NAME)";
				SWIFT_EMIT_LOC_STRINGS = YES;
				SWIFT_VERSION = 5.0;
				TARGETED_DEVICE_FAMILY = "1,2";
			};
			name = Release;
		};
		7EC4F9012855F81E00D2B780 /* Debug */ = {
			isa = XCBuildConfiguration;
			buildSettings = {
				ALWAYS_EMBED_SWIFT_STANDARD_LIBRARIES = YES;
				BUNDLE_LOADER = "$(TEST_HOST)";
				CODE_SIGN_STYLE = Automatic;
				CURRENT_PROJECT_VERSION = 1;
				GENERATE_INFOPLIST_FILE = YES;
				IPHONEOS_DEPLOYMENT_TARGET = 15.5;
				MARKETING_VERSION = 1.0;
				PRODUCT_BUNDLE_IDENTIFIER = demo.GitTutorilasTests;
				PRODUCT_NAME = "$(TARGET_NAME)";
				SWIFT_EMIT_LOC_STRINGS = NO;
				SWIFT_VERSION = 5.0;
				TARGETED_DEVICE_FAMILY = "1,2";
				TEST_HOST = "$(BUILT_PRODUCTS_DIR)/GitTutorilas.app/GitTutorilas";
			};
			name = Debug;
		};
		7EC4F9022855F81E00D2B780 /* Release */ = {
			isa = XCBuildConfiguration;
			buildSettings = {
				ALWAYS_EMBED_SWIFT_STANDARD_LIBRARIES = YES;
				BUNDLE_LOADER = "$(TEST_HOST)";
				CODE_SIGN_STYLE = Automatic;
				CURRENT_PROJECT_VERSION = 1;
				GENERATE_INFOPLIST_FILE = YES;
				IPHONEOS_DEPLOYMENT_TARGET = 15.5;
				MARKETING_VERSION = 1.0;
				PRODUCT_BUNDLE_IDENTIFIER = demo.GitTutorilasTests;
				PRODUCT_NAME = "$(TARGET_NAME)";
				SWIFT_EMIT_LOC_STRINGS = NO;
				SWIFT_VERSION = 5.0;
				TARGETED_DEVICE_FAMILY = "1,2";
				TEST_HOST = "$(BUILT_PRODUCTS_DIR)/GitTutorilas.app/GitTutorilas";
			};
			name = Release;
		};
		7EC4F9042855F81E00D2B780 /* Debug */ = {
			isa = XCBuildConfiguration;
			buildSettings = {
				ALWAYS_EMBED_SWIFT_STANDARD_LIBRARIES = YES;
				CODE_SIGN_STYLE = Automatic;
				CURRENT_PROJECT_VERSION = 1;
				GENERATE_INFOPLIST_FILE = YES;
				MARKETING_VERSION = 1.0;
				PRODUCT_BUNDLE_IDENTIFIER = demo.GitTutorilasUITests;
				PRODUCT_NAME = "$(TARGET_NAME)";
				SWIFT_EMIT_LOC_STRINGS = NO;
				SWIFT_VERSION = 5.0;
				TARGETED_DEVICE_FAMILY = "1,2";
				TEST_TARGET_NAME = GitTutorilas;
			};
			name = Debug;
		};
		7EC4F9052855F81E00D2B780 /* Release */ = {
			isa = XCBuildConfiguration;
			buildSettings = {
				ALWAYS_EMBED_SWIFT_STANDARD_LIBRARIES = YES;
				CODE_SIGN_STYLE = Automatic;
				CURRENT_PROJECT_VERSION = 1;
				GENERATE_INFOPLIST_FILE = YES;
				MARKETING_VERSION = 1.0;
				PRODUCT_BUNDLE_IDENTIFIER = demo.GitTutorilasUITests;
				PRODUCT_NAME = "$(TARGET_NAME)";
				SWIFT_EMIT_LOC_STRINGS = NO;
				SWIFT_VERSION = 5.0;
				TARGETED_DEVICE_FAMILY = "1,2";
				TEST_TARGET_NAME = GitTutorilas;
			};
			name = Release;
		};
/* End XCBuildConfiguration section */

/* Begin XCConfigurationList section */
		7EC4F8CE2855F81900D2B780 /* Build configuration list for PBXProject "GitTutorilas" */ = {
			isa = XCConfigurationList;
			buildConfigurations = (
				7EC4F8FB2855F81E00D2B780 /* Debug */,
				7EC4F8FC2855F81E00D2B780 /* Release */,
			);
			defaultConfigurationIsVisible = 0;
			defaultConfigurationName = Release;
		};
		7EC4F8FD2855F81E00D2B780 /* Build configuration list for PBXNativeTarget "GitTutorilas" */ = {
			isa = XCConfigurationList;
			buildConfigurations = (
				7EC4F8FE2855F81E00D2B780 /* Debug */,
				7EC4F8FF2855F81E00D2B780 /* Release */,
			);
			defaultConfigurationIsVisible = 0;
			defaultConfigurationName = Release;
		};
		7EC4F9002855F81E00D2B780 /* Build configuration list for PBXNativeTarget "GitTutorilasTests" */ = {
			isa = XCConfigurationList;
			buildConfigurations = (
				7EC4F9012855F81E00D2B780 /* Debug */,
				7EC4F9022855F81E00D2B780 /* Release */,
			);
			defaultConfigurationIsVisible = 0;
			defaultConfigurationName = Release;
		};
		7EC4F9032855F81E00D2B780 /* Build configuration list for PBXNativeTarget "GitTutorilasUITests" */ = {
			isa = XCConfigurationList;
			buildConfigurations = (
				7EC4F9042855F81E00D2B780 /* Debug */,
				7EC4F9052855F81E00D2B780 /* Release */,
			);
			defaultConfigurationIsVisible = 0;
			defaultConfigurationName = Release;
		};
/* End XCConfigurationList section */
	};
	rootObject = 7EC4F8CB2855F81900D2B780 /* Project object */;
}
